
Microsoft Visual Studio Solution File, Format Version 12.00
# Visual Studio Version 16
VisualStudioVersion = 16.0.30413.136
MinimumVisualStudioVersion = 10.0.40219.1
Project("{FAE04EC0-301F-11D3-BF4B-00C04F79EFBC}") = "TitularSpotiflix", "TitularSpotiflix\TitularSpotiflix.csproj", "{018ABD3D-36CD-49BA-A2D2-150A0C89334B}"
EndProject
Global
	GlobalSection(SolutionConfigurationPlatforms) = preSolution
		Debug|Any CPU = Debug|Any CPU
		Release|Any CPU = Release|Any CPU
	EndGlobalSection
	GlobalSection(ProjectConfigurationPlatforms) = postSolution
		{018ABD3D-36CD-49BA-A2D2-150A0C89334B}.Debug|Any CPU.ActiveCfg = Debug|Any CPU
		{018ABD3D-36CD-49BA-A2D2-150A0C89334B}.Debug|Any CPU.Build.0 = Debug|Any CPU
		{018ABD3D-36CD-49BA-A2D2-150A0C89334B}.Release|Any CPU.ActiveCfg = Release|Any CPU
		{018ABD3D-36CD-49BA-A2D2-150A0C89334B}.Release|Any CPU.Build.0 = Release|Any CPU
	EndGlobalSection
	GlobalSection(SolutionProperties) = preSolution
		HideSolutionNode = FALSE
	EndGlobalSection
	GlobalSection(ExtensibilityGlobals) = postSolution
		SolutionGuid = {3014E97B-C498-4132-A28A-12C257A49D30}
	EndGlobalSection
EndGlobal
